
Microsoft Visual Studio Solution File, Format Version 12.00
# Visual Studio Version 16
VisualStudioVersion = 16.0.29215.179
MinimumVisualStudioVersion = 10.0.40219.1
Project("{FAE04EC0-301F-11D3-BF4B-00C04F79EFBC}") = "Firebase.NetCore", "Firebase.NetCore\Firebase.NetCore.csproj", "{F2C12D58-EEF7-424A-9D3E-0F2D8CCE94DC}"
EndProject
Project("{9A19103F-16F7-4668-BE54-9A1E7A4F7556}") = "FirebaseNet", "..\FirebaseNet\FirebaseNet\FirebaseNet.csproj", "{98C7C29E-E749-4390-8259-B3970BCBA8ED}"
EndProject
Global
	GlobalSection(SolutionConfigurationPlatforms) = preSolution
		Debug|Any CPU = Debug|Any CPU
		Release|Any CPU = Release|Any CPU
	EndGlobalSection
	GlobalSection(ProjectConfigurationPlatforms) = postSolution
		{F2C12D58-EEF7-424A-9D3E-0F2D8CCE94DC}.Debug|Any CPU.ActiveCfg = Debug|Any CPU
		{F2C12D58-EEF7-424A-9D3E-0F2D8CCE94DC}.Debug|Any CPU.Build.0 = Debug|Any CPU
		{F2C12D58-EEF7-424A-9D3E-0F2D8CCE94DC}.Release|Any CPU.ActiveCfg = Release|Any CPU
		{F2C12D58-EEF7-424A-9D3E-0F2D8CCE94DC}.Release|Any CPU.Build.0 = Release|Any CPU
		{98C7C29E-E749-4390-8259-B3970BCBA8ED}.Debug|Any CPU.ActiveCfg = Debug|Any CPU
		{98C7C29E-E749-4390-8259-B3970BCBA8ED}.Debug|Any CPU.Build.0 = Debug|Any CPU
		{98C7C29E-E749-4390-8259-B3970BCBA8ED}.Release|Any CPU.ActiveCfg = Release|Any CPU
		{98C7C29E-E749-4390-8259-B3970BCBA8ED}.Release|Any CPU.Build.0 = Release|Any CPU
	EndGlobalSection
	GlobalSection(SolutionProperties) = preSolution
		HideSolutionNode = FALSE
	EndGlobalSection
	GlobalSection(ExtensibilityGlobals) = postSolution
		SolutionGuid = {EA2F6A0D-7764-4EDA-A6D2-E529F1FDFD3E}
	EndGlobalSection
EndGlobal
